// !$*UTF8*$!
{
	archiveVersion = 1;
	classes = {
	};
	objectVersion = 46;
	objects = {

/* Begin PBXBuildFile section */
		CFD3BED01B728CCC00585283 /* AppDelegate.swift in Sources */ = {isa = PBXBuildFile; fileRef = CFD3BECF1B728CCC00585283 /* AppDelegate.swift */; };
		CFD3BED21B728CCC00585283 /* ViewController.swift in Sources */ = {isa = PBXBuildFile; fileRef = CFD3BED11B728CCC00585283 /* ViewController.swift */; };
		CFD3BED51B728CCC00585283 /* Main.storyboard in Resources */ = {isa = PBXBuildFile; fileRef = CFD3BED31B728CCC00585283 /* Main.storyboard */; };
		CFD3BED71B728CCC00585283 /* Assets.xcassets in Resources */ = {isa = PBXBuildFile; fileRef = CFD3BED61B728CCC00585283 /* Assets.xcassets */; };
		CFD3BEDA1B728CCC00585283 /* LaunchScreen.storyboard in Resources */ = {isa = PBXBuildFile; fileRef = CFD3BED81B728CCC00585283 /* LaunchScreen.storyboard */; };
		CFD3BEE41B72904600585283 /* board.png in Resources */ = {isa = PBXBuildFile; fileRef = CFD3BEE11B72904600585283 /* board.png */; };
		CFD3BEE51B72904600585283 /* cross.png in Resources */ = {isa = PBXBuildFile; fileRef = CFD3BEE21B72904600585283 /* cross.png */; };
		CFD3BEE61B72904600585283 /* nought.png in Resources */ = {isa = PBXBuildFile; fileRef = CFD3BEE31B72904600585283 /* nought.png */; };
/* End PBXBuildFile section */

/* Begin PBXFileReference section */
		CFD3BECC1B728CCC00585283 /* TicTacToe.app */ = {isa = PBXFileReference; explicitFileType = wrapper.application; includeInIndex = 0; path = TicTacToe.app; sourceTree = BUILT_PRODUCTS_DIR; };
		CFD3BECF1B728CCC00585283 /* AppDelegate.swift */ = {isa = PBXFileReference; lastKnownFileType = sourcecode.swift; path = AppDelegate.swift; sourceTree = "<group>"; };
		CFD3BED11B728CCC00585283 /* ViewController.swift */ = {isa = PBXFileReference; lastKnownFileType = sourcecode.swift; path = ViewController.swift; sourceTree = "<group>"; };
		CFD3BED41B728CCC00585283 /* Base */ = {isa = PBXFileReference; lastKnownFileType = file.storyboard; name = Base; path = Base.lproj/Main.storyboard; sourceTree = "<group>"; };
		CFD3BED61B728CCC00585283 /* Assets.xcassets */ = {isa = PBXFileReference; lastKnownFileType = folder.assetcatalog; path = Assets.xcassets; sourceTree = "<group>"; };
		CFD3BED91B728CCC00585283 /* Base */ = {isa = PBXFileReference; lastKnownFileType = file.storyboard; name = Base; path = Base.lproj/LaunchScreen.storyboard; sourceTree = "<group>"; };
		CFD3BEDB1B728CCC00585283 /* Info.plist */ = {isa = PBXFileReference; lastKnownFileType = text.plist.xml; path = Info.plist; sourceTree = "<group>"; };
		CFD3BEE11B72904600585283 /* board.png */ = {isa = PBXFileReference; lastKnownFileType = image.png; path = board.png; sourceTree = "<group>"; };
		CFD3BEE21B72904600585283 /* cross.png */ = {isa = PBXFileReference; lastKnownFileType = image.png; path = cross.png; sourceTree = "<group>"; };
		CFD3BEE31B72904600585283 /* nought.png */ = {isa = PBXFileReference; lastKnownFileType = image.png; path = nought.png; sourceTree = "<group>"; };
/* End PBXFileReference section */

/* Begin PBXFrameworksBuildPhase section */
		CFD3BEC91B728CCC00585283 /* Frameworks */ = {
			isa = PBXFrameworksBuildPhase;
			buildActionMask = 2147483647;
			files = (
			);
			runOnlyForDeploymentPostprocessing = 0;
		};
/* End PBXFrameworksBuildPhase section */

/* Begin PBXGroup section */
		CFD3BEC31B728CCC00585283 = {
			isa = PBXGroup;
			children = (
				CFD3BECE1B728CCC00585283 /* TicTacToe */,
				CFD3BECD1B728CCC00585283 /* Products */,
			);
			sourceTree = "<group>";
		};
		CFD3BECD1B728CCC00585283 /* Products */ = {
			isa = PBXGroup;
			children = (
				CFD3BECC1B728CCC00585283 /* TicTacToe.app */,
			);
			name = Products;
			sourceTree = "<group>";
		};
		CFD3BECE1B728CCC00585283 /* TicTacToe */ = {
			isa = PBXGroup;
			children = (
				CFD3BECF1B728CCC00585283 /* AppDelegate.swift */,
				CFD3BED11B728CCC00585283 /* ViewController.swift */,
				CFD3BED31B728CCC00585283 /* Main.storyboard */,
				CFD3BED61B728CCC00585283 /* Assets.xcassets */,
				CFD3BEE11B72904600585283 /* board.png */,
				CFD3BEE21B72904600585283 /* cross.png */,
				CFD3BEE31B72904600585283 /* nought.png */,
				CFD3BED81B728CCC00585283 /* LaunchScreen.storyboard */,
				CFD3BEDB1B728CCC00585283 /* Info.plist */,
			);
			path = TicTacToe;
			sourceTree = "<group>";
		};
/* End PBXGroup section */

/* Begin PBXNativeTarget section */
		CFD3BECB1B728CCC00585283 /* TicTacToe */ = {
			isa = PBXNativeTarget;
			buildConfigurationList = CFD3BEDE1B728CCD00585283 /* Build configuration list for PBXNativeTarget "TicTacToe" */;
			buildPhases = (
				CFD3BEC81B728CCC00585283 /* Sources */,
				CFD3BEC91B728CCC00585283 /* Frameworks */,
				CFD3BECA1B728CCC00585283 /* Resources */,
			);
			buildRules = (
			);
			dependencies = (
			);
			name = TicTacToe;
			productName = TicTacToe;
			productReference = CFD3BECC1B728CCC00585283 /* TicTacToe.app */;
			productType = "com.apple.product-type.application";
		};
/* End PBXNativeTarget section */

/* Begin PBXProject section */
		CFD3BEC41B728CCC00585283 /* Project object */ = {
			isa = PBXProject;
			attributes = {
				LastUpgradeCheck = 0700;
				ORGANIZATIONNAME = "Jorge Gallardo";
				TargetAttributes = {
					CFD3BECB1B728CCC00585283 = {
						CreatedOnToolsVersion = 7.0;
						DevelopmentTeam = K47636V88C;
					};
				};
			};
			buildConfigurationList = CFD3BEC71B728CCC00585283 /* Build configuration list for PBXProject "TicTacToe" */;
			compatibilityVersion = "Xcode 3.2";
			developmentRegion = English;
			hasScannedForEncodings = 0;
			knownRegions = (
				en,
				Base,
			);
			mainGroup = CFD3BEC31B728CCC00585283;
			productRefGroup = CFD3BECD1B728CCC00585283 /* Products */;
			projectDirPath = "";
			projectRoot = "";
			targets = (
				CFD3BECB1B728CCC00585283 /* TicTacToe */,
			);
		};
/* End PBXProject section */

/* Begin PBXResourcesBuildPhase section */
		CFD3BECA1B728CCC00585283 /* Resources */ = {
			isa = PBXResourcesBuildPhase;
			buildActionMask = 2147483647;
			files = (
				CFD3BEE51B72904600585283 /* cross.png in Resources */,
				CFD3BEE41B72904600585283 /* board.png in Resources */,
				CFD3BEE61B72904600585283 /* nought.png in Resources */,
				CFD3BEDA1B728CCC00585283 /* LaunchScreen.storyboard in Resources */,
				CFD3BED71B728CCC00585283 /* Assets.xcassets in Resources */,
				CFD3BED51B728CCC00585283 /* Main.storyboard in Resources */,
			);
			runOnlyForDeploymentPostprocessing = 0;
		};
/* End PBXResourcesBuildPhase section */

/* Begin PBXSourcesBuildPhase section */
		CFD3BEC81B728CCC00585283 /* Sources */ = {
			isa = PBXSourcesBuildPhase;
			buildActionMask = 2147483647;
			files = (
				CFD3BED21B728CCC00585283 /* ViewController.swift in Sources */,
				CFD3BED01B728CCC00585283 /* AppDelegate.swift in Sources */,
			);
			runOnlyForDeploymentPostprocessing = 0;
		};
/* End PBXSourcesBuildPhase section */

/* Begin PBXVariantGroup section */
		CFD3BED31B728CCC00585283 /* Main.storyboard */ = {
			isa = PBXVariantGroup;
			children = (
				CFD3BED41B728CCC00585283 /* Base */,
			);
			name = Main.storyboard;
			sourceTree = "<group>";
		};
		CFD3BED81B728CCC00585283 /* LaunchScreen.storyboard */ = {
			isa = PBXVariantGroup;
			children = (
				CFD3BED91B728CCC00585283 /* Base */,
			);
			name = LaunchScreen.storyboard;
			sourceTree = "<group>";
		};
/* End PBXVariantGroup section */

/* Begin XCBuildConfiguration section */
		CFD3BEDC1B728CCD00585283 /* Debug */ = {
			isa = XCBuildConfiguration;
			buildSettings = {
				ALWAYS_SEARCH_USER_PATHS = NO;
				CLANG_CXX_LANGUAGE_STANDARD = "gnu++0x";
				CLANG_CXX_LIBRARY = "libc++";
				CLANG_ENABLE_MODULES = YES;
				CLANG_ENABLE_OBJC_ARC = YES;
				CLANG_WARN_BOOL_CONVERSION = YES;
				CLANG_WARN_CONSTANT_CONVERSION = YES;
				CLANG_WARN_DIRECT_OBJC_ISA_USAGE = YES_ERROR;
				CLANG_WARN_EMPTY_BODY = YES;
				CLANG_WARN_ENUM_CONVERSION = YES;
				CLANG_WARN_INT_CONVERSION = YES;
				CLANG_WARN_OBJC_ROOT_CLASS = YES_ERROR;
				CLANG_WARN_UNREACHABLE_CODE = YES;
				CLANG_WARN__DUPLICATE_METHOD_MATCH = YES;
				"CODE_SIGN_IDENTITY[sdk=iphoneos*]" = "iPhone Developer";
				COPY_PHASE_STRIP = NO;
				DEBUG_INFORMATION_FORMAT = dwarf;
				ENABLE_STRICT_OBJC_MSGSEND = YES;
				ENABLE_TESTABILITY = YES;
				GCC_C_LANGUAGE_STANDARD = gnu99;
				GCC_DYNAMIC_NO_PIC = NO;
				GCC_NO_COMMON_BLOCKS = YES;
				GCC_OPTIMIZATION_LEVEL = 0;
				GCC_PREPROCESSOR_DEFINITIONS = (
					"DEBUG=1",
					"$(inherited)",
				);
				GCC_WARN_64_TO_32_BIT_CONVERSION = YES;
				GCC_WARN_ABOUT_RETURN_TYPE = YES_ERROR;
				GCC_WARN_UNDECLARED_SELECTOR = YES;
				GCC_WARN_UNINITIALIZED_AUTOS = YES_AGGRESSIVE;
				GCC_WARN_UNUSED_FUNCTION = YES;
				GCC_WARN_UNUSED_VARIABLE = YES;
				IPHONEOS_DEPLOYMENT_TARGET = 9.0;
				MTL_ENABLE_DEBUG_INFO = YES;
				ONLY_ACTIVE_ARCH = YES;
				SDKROOT = iphoneos;
				SWIFT_OPTIMIZATION_LEVEL = "-Onone";
			};
			name = Debug;
		};
		CFD3BEDD1B728CCD00585283 /* Release */ = {
			isa = XCBuildConfiguration;
			buildSettings = {
				ALWAYS_SEARCH_USER_PATHS = NO;
				CLANG_CXX_LANGUAGE_STANDARD = "gnu++0x";
				CLANG_CXX_LIBRARY = "libc++";
				CLANG_ENABLE_MODULES = YES;
				CLANG_ENABLE_OBJC_ARC = YES;
				CLANG_WARN_BOOL_CONVERSION = YES;
				CLANG_WARN_CONSTANT_CONVERSION = YES;
				CLANG_WARN_DIRECT_OBJC_ISA_USAGE = YES_ERROR;
				CLANG_WARN_EMPTY_BODY = YES;
				CLANG_WARN_ENUM_CONVERSION = YES;
				CLANG_WARN_INT_CONVERSION = YES;
				CLANG_WARN_OBJC_ROOT_CLASS = YES_ERROR;
				CLANG_WARN_UNREACHABLE_CODE = YES;
				CLANG_WARN__DUPLICATE_METHOD_MATCH = YES;
				"CODE_SIGN_IDENTITY[sdk=iphoneos*]" = "iPhone Developer";
				COPY_PHASE_STRIP = NO;
				DEBUG_INFORMATION_FORMAT = "dwarf-with-dsym";
				ENABLE_NS_ASSERTIONS = NO;
				ENABLE_STRICT_OBJC_MSGSEND = YES;
				GCC_C_LANGUAGE_STANDARD = gnu99;
				GCC_NO_COMMON_BLOCKS = YES;
				GCC_WARN_64_TO_32_BIT_CONVERSION = YES;
				GCC_WARN_ABOUT_RETURN_TYPE = YES_ERROR;
				GCC_WARN_UNDECLARED_SELECTOR = YES;
				GCC_WARN_UNINITIALIZED_AUTOS = YES_AGGRESSIVE;
				GCC_WARN_UNUSED_FUNCTION = YES;
				GCC_WARN_UNUSED_VARIABLE = YES;
				IPHONEOS_DEPLOYMENT_TARGET = 9.0;
				MTL_ENABLE_DEBUG_INFO = NO;
				SDKROOT = iphoneos;
				VALIDATE_PRODUCT = YES;
			};
			name = Release;
		};
		CFD3BEDF1B728CCD00585283 /* Debug */ = {
			isa = XCBuildConfiguration;
			buildSettings = {
				ASSETCATALOG_COMPILER_APPICON_NAME = AppIcon;
				CODE_SIGN_IDENTITY = "iPhone Developer";
				"CODE_SIGN_IDENTITY[sdk=iphoneos*]" = "iPhone Developer";
				INFOPLIST_FILE = TicTacToe/Info.plist;
				IPHONEOS_DEPLOYMENT_TARGET = 8.4;
				LD_RUNPATH_SEARCH_PATHS = "$(inherited) @executable_path/Frameworks";
				PRODUCT_BUNDLE_IDENTIFIER = com.gallardo.TicTacToe;
				PRODUCT_NAME = "$(TARGET_NAME)";
				PROVISIONING_PROFILE = "";
			};
			name = Debug;
		};
		CFD3BEE01B728CCD00585283 /* Release */ = {
			isa = XCBuildConfiguration;
			buildSettings = {
				ASSETCATALOG_COMPILER_APPICON_NAME = AppIcon;
				CODE_SIGN_IDENTITY = "iPhone Developer";
				"CODE_SIGN_IDENTITY[sdk=iphoneos*]" = "iPhone Developer";
				INFOPLIST_FILE = TicTacToe/Info.plist;
				IPHONEOS_DEPLOYMENT_TARGET = 8.4;
				LD_RUNPATH_SEARCH_PATHS = "$(inherited) @executable_path/Frameworks";
				PRODUCT_BUNDLE_IDENTIFIER = com.gallardo.TicTacToe;
				PRODUCT_NAME = "$(TARGET_NAME)";
				PROVISIONING_PROFILE = "";
			};
			name = Release;
		};
/* End XCBuildConfiguration section */

/* Begin XCConfigurationList section */
		CFD3BEC71B728CCC00585283 /* Build configuration list for PBXProject "TicTacToe" */ = {
			isa = XCConfigurationList;
			buildConfigurations = (
				CFD3BEDC1B728CCD00585283 /* Debug */,
				CFD3BEDD1B728CCD00585283 /* Release */,
			);
			defaultConfigurationIsVisible = 0;
			defaultConfigurationName = Release;
		};
		CFD3BEDE1B728CCD00585283 /* Build configuration list for PBXNativeTarget "TicTacToe" */ = {
			isa = XCConfigurationList;
			buildConfigurations = (
				CFD3BEDF1B728CCD00585283 /* Debug */,
				CFD3BEE01B728CCD00585283 /* Release */,
			);
			defaultConfigurationIsVisible = 0;
		};
/* End XCConfigurationList section */
	};
	rootObject = CFD3BEC41B728CCC00585283 /* Project object */;
}
